{
  "name": "api",
  "version": "1.0.0",
  "lockfileVersion": 1,
  "requires": true,
  "dependencies": {
    "@sanity/client": {
      "version": "3.1.0",
      "resolved": "https://registry.npmjs.org/@sanity/client/-/client-3.1.0.tgz",
      "integrity": "sha512-DtyCtAWNsDgLlEI8y4Zm9L2R1KBe5/BEVQoyD7V2ebScqH9n68nIq4cg//uTjyvvzSwZM2hmV6dd5ZXhvAdk7Q==",
      "requires": {
        "@sanity/eventsource": "^3.0.1",
        "@sanity/generate-help-url": "^2.18.0",
        "get-it": "^6.0.0",
        "make-error": "^1.3.0",
        "object-assign": "^4.1.1",
        "rxjs": "^6.0.0"
      }
    },
    "@sanity/eventsource": {
      "version": "3.0.1",
      "resolved": "https://registry.npmjs.org/@sanity/eventsource/-/eventsource-3.0.1.tgz",
      "integrity": "sha512-xeMzr0wK/1+lawSicDg8yA7mdoNY3SKtr70CCsb1ltWbtYtsgZWjKeqNivNAWofxSU2GN7yU23HPzyk6Tx9fkA==",
      "requires": {
        "event-source-polyfill": "^1.0.25",
        "eventsource": "^1.0.6"
      }
    },
    "@sanity/generate-help-url": {
      "version": "2.18.0",
      "resolved": "https://registry.npmjs.org/@sanity/generate-help-url/-/generate-help-url-2.18.0.tgz",
      "integrity": "sha512-If8Qkw32LWPes16UzqwUsTLgfxF5d4ACdUvCLMl6grJc/5G8LKPAGCQUuA/d1F4W16yCJVV7Zv31HDRDXJSJkg=="
    },
    "@sanity/timed-out": {
      "version": "4.0.2",
      "resolved": "https://registry.npmjs.org/@sanity/timed-out/-/timed-out-4.0.2.tgz",
      "integrity": "sha512-NBDKGj14g9Z+bopIvZcQKWCzJq5JSrdmzRR1CS+iyA3Gm8SnIWBfZa7I3mTg2X6Nu8LQXG0EPKXdOGozLS4i3w=="
    },
    "append-field": {
      "version": "1.0.0",
      "resolved": "https://registry.npmjs.org/append-field/-/append-field-1.0.0.tgz",
      "integrity": "sha1-HjRA6RXwsSA9I3SOeO3XubW0PlY="
    },
    "body-parser": {
      "version": "1.19.2",
      "resolved": "https://registry.npmjs.org/body-parser/-/body-parser-1.19.2.tgz",
      "integrity": "sha512-SAAwOxgoCKMGs9uUAUFHygfLAyaniaoun6I8mFY9pRAJL9+Kec34aU+oIjDhTycub1jozEfEwx1W1IuOYxVSFw==",
      "requires": {
        "bytes": "3.1.2",
        "content-type": "~1.0.4",
        "debug": "2.6.9",
        "depd": "~1.1.2",
        "http-errors": "1.8.1",
        "iconv-lite": "0.4.24",
        "on-finished": "~2.3.0",
        "qs": "6.9.7",
        "raw-body": "2.4.3",
        "type-is": "~1.6.18"
      }
    },
    "buffer-from": {
      "version": "1.1.2",
      "resolved": "https://registry.npmjs.org/buffer-from/-/buffer-from-1.1.2.tgz",
      "integrity": "sha512-E+XQCRwSbaaiChtv6k6Dwgc+bx+Bs6vuKJHHl5kox/BaKbhiXzqQOwK4cO22yElGp2OCmjwVhT3HmxgyPGnJfQ=="
    },
    "busboy": {
      "version": "0.2.14",
      "resolved": "https://registry.npmjs.org/busboy/-/busboy-0.2.14.tgz",
      "integrity": "sha1-bCpiLvz0fFe7vh4qnDetNseSVFM=",
      "requires": {
        "dicer": "0.2.5",
        "readable-stream": "1.1.x"
      },
      "dependencies": {
        "isarray": {
          "version": "0.0.1",
          "resolved": "https://registry.npmjs.org/isarray/-/isarray-0.0.1.tgz",
          "integrity": "sha1-ihis/Kmo9Bd+Cav8YDiTmwXR7t8="
        },
        "readable-stream": {
          "version": "1.1.14",
          "resolved": "https://registry.npmjs.org/readable-stream/-/readable-stream-1.1.14.tgz",
          "integrity": "sha1-fPTFTvZI44EwhMY23SB54WbAgdk=",
          "requires": {
            "core-util-is": "~1.0.0",
            "inherits": "~2.0.1",
            "isarray": "0.0.1",
            "string_decoder": "~0.10.x"
          }
        },
        "string_decoder": {
          "version": "0.10.31",
          "resolved": "https://registry.npmjs.org/string_decoder/-/string_decoder-0.10.31.tgz",
          "integrity": "sha1-YuIDvEF2bGwoyfyEMB2rHFMQ+pQ="
        }
      }
    },
    "bytes": {
      "version": "3.1.2",
      "resolved": "https://registry.npmjs.org/bytes/-/bytes-3.1.2.tgz",
      "integrity": "sha512-/Nf7TyzTx6S3yRJObOAV7956r8cr2+Oj8AC5dt8wSP3BQAoeX58NoHyCU8P8zGkNXStjTSi6fzO6F0pBdcYbEg=="
    },
    "capture-stack-trace": {
      "version": "1.0.1",
      "resolved": "https://registry.npmjs.org/capture-stack-trace/-/capture-stack-trace-1.0.1.tgz",
      "integrity": "sha512-mYQLZnx5Qt1JgB1WEiMCf2647plpGeQ2NMR/5L0HNZzGQo4fuSPnK+wjfPnKZV0aiJDgzmWqqkV/g7JD+DW0qw=="
    },
    "concat-stream": {
      "version": "1.6.2",
      "resolved": "https://registry.npmjs.org/concat-stream/-/concat-stream-1.6.2.tgz",
      "integrity": "sha512-27HBghJxjiZtIk3Ycvn/4kbJk/1uZuJFfuPEns6LaEvpvG1f0hTea8lilrouyo9mVc2GWdcEZ8OLoGmSADlrCw==",
      "requires": {
        "buffer-from": "^1.0.0",
        "inherits": "^2.0.3",
        "readable-stream": "^2.2.2",
        "typedarray": "^0.0.6"
      }
    },
    "content-type": {
      "version": "1.0.4",
      "resolved": "https://registry.npmjs.org/content-type/-/content-type-1.0.4.tgz",
      "integrity": "sha512-hIP3EEPs8tB9AT1L+NUqtwOAps4mk2Zob89MWXMHjHWg9milF/j4osnnQLXBCBFBk/tvIG/tUc9mOUJiPBhPXA=="
    },
    "core-util-is": {
      "version": "1.0.3",
      "resolved": "https://registry.npmjs.org/core-util-is/-/core-util-is-1.0.3.tgz",
      "integrity": "sha512-ZQBvi1DcpJ4GDqanjucZ2Hj3wEO5pZDS89BWbkcrvdxksJorwUDDZamX9ldFkp9aw2lmBDLgkObEA4DWNJ9FYQ=="
    },
    "create-error-class": {
      "version": "3.0.2",
      "resolved": "https://registry.npmjs.org/create-error-class/-/create-error-class-3.0.2.tgz",
      "integrity": "sha1-Br56vvlHo/FKMP1hBnHUAbyot7Y=",
      "requires": {
        "capture-stack-trace": "^1.0.0"
      }
    },
    "debug": {
      "version": "2.6.9",
      "resolved": "https://registry.npmjs.org/debug/-/debug-2.6.9.tgz",
      "integrity": "sha512-bC7ElrdJaJnPbAP+1EotYvqZsb3ecl5wi6Bfi6BJTUcNowp6cvspg0jXznRTKDjm/E7AdgFBVeAPVMNcKGsHMA==",
      "requires": {
        "ms": "2.0.0"
      }
    },
    "decompress-response": {
      "version": "6.0.0",
      "resolved": "https://registry.npmjs.org/decompress-response/-/decompress-response-6.0.0.tgz",
      "integrity": "sha512-aW35yZM6Bb/4oJlZncMH2LCoZtJXTRxES17vE3hoRiowU2kWHaJKFkSBDnDR+cm9J+9QhXmREyIfv0pji9ejCQ==",
      "requires": {
        "mimic-response": "^3.1.0"
      }
    },
    "depd": {
      "version": "1.1.2",
      "resolved": "https://registry.npmjs.org/depd/-/depd-1.1.2.tgz",
      "integrity": "sha1-m81S4UwJd2PnSbJ0xDRu0uVgtak="
    },
    "dicer": {
      "version": "0.2.5",
      "resolved": "https://registry.npmjs.org/dicer/-/dicer-0.2.5.tgz",
      "integrity": "sha1-WZbAhrszIYyBLAkL3cCc0S+stw8=",
      "requires": {
        "readable-stream": "1.1.x",
        "streamsearch": "0.1.2"
      },
      "dependencies": {
        "isarray": {
          "version": "0.0.1",
          "resolved": "https://registry.npmjs.org/isarray/-/isarray-0.0.1.tgz",
          "integrity": "sha1-ihis/Kmo9Bd+Cav8YDiTmwXR7t8="
        },
        "readable-stream": {
          "version": "1.1.14",
          "resolved": "https://registry.npmjs.org/readable-stream/-/readable-stream-1.1.14.tgz",
          "integrity": "sha1-fPTFTvZI44EwhMY23SB54WbAgdk=",
          "requires": {
            "core-util-is": "~1.0.0",
            "inherits": "~2.0.1",
            "isarray": "0.0.1",
            "string_decoder": "~0.10.x"
          }
        },
        "string_decoder": {
          "version": "0.10.31",
          "resolved": "https://registry.npmjs.org/string_decoder/-/string_decoder-0.10.31.tgz",
          "integrity": "sha1-YuIDvEF2bGwoyfyEMB2rHFMQ+pQ="
        }
      }
    },
    "dotenv": {
      "version": "16.0.0",
      "resolved": "https://registry.npmjs.org/dotenv/-/dotenv-16.0.0.tgz",
      "integrity": "sha512-qD9WU0MPM4SWLPJy/r2Be+2WgQj8plChsyrCNQzW/0WjvcJQiKQJ9mH3ZgB3fxbUUxgc/11ZJ0Fi5KiimWGz2Q=="
    },
    "ee-first": {
      "version": "1.1.1",
      "resolved": "https://registry.npmjs.org/ee-first/-/ee-first-1.1.1.tgz",
      "integrity": "sha1-WQxhFWsK4vTwJVcyoViyZrxWsh0="
    },
    "event-source-polyfill": {
      "version": "1.0.25",
      "resolved": "https://registry.npmjs.org/event-source-polyfill/-/event-source-polyfill-1.0.25.tgz",
      "integrity": "sha512-hQxu6sN1Eq4JjoI7ITdQeGGUN193A2ra83qC0Ltm9I2UJVAten3OFVN6k5RX4YWeCS0BoC8xg/5czOCIHVosQg=="
    },
    "eventsource": {
      "version": "1.1.0",
      "resolved": "https://registry.npmjs.org/eventsource/-/eventsource-1.1.0.tgz",
      "integrity": "sha512-VSJjT5oCNrFvCS6igjzPAt5hBzQ2qPBFIbJ03zLI9SE0mxwZpMw6BfJrbFHm1a141AavMEB8JHmBhWAd66PfCg==",
      "requires": {
        "original": "^1.0.0"
      }
    },
    "follow-redirects": {
      "version": "1.14.9",
      "resolved": "https://registry.npmjs.org/follow-redirects/-/follow-redirects-1.14.9.tgz",
      "integrity": "sha512-MQDfihBQYMcyy5dhRDJUHcw7lb2Pv/TuE6xP1vyraLukNDHKbDxDNaOE3NbCAdKQApno+GPRyo1YAp89yCjK4w=="
    },
    "form-urlencoded": {
      "version": "2.0.9",
      "resolved": "https://registry.npmjs.org/form-urlencoded/-/form-urlencoded-2.0.9.tgz",
      "integrity": "sha512-fWUzNiOnYa126vFAT6TFXd1mhJrvD8IqmQ9ilZPjkLYQfaRreBr5fIUoOpPlWtqaAG64nzoE7u5zSetifab9IA=="
    },
    "from2": {
      "version": "2.3.0",
      "resolved": "https://registry.npmjs.org/from2/-/from2-2.3.0.tgz",
      "integrity": "sha1-i/tVAr3kpNNs/e6gB/zKIdfjgq8=",
      "requires": {
        "inherits": "^2.0.1",
        "readable-stream": "^2.0.0"
      }
    },
    "fs": {
      "version": "0.0.1-security",
      "resolved": "https://registry.npmjs.org/fs/-/fs-0.0.1-security.tgz",
      "integrity": "sha1-invTcYa23d84E/I4WLV+yq9eQdQ="
    },
    "get-it": {
      "version": "6.0.1",
      "resolved": "https://registry.npmjs.org/get-it/-/get-it-6.0.1.tgz",
      "integrity": "sha512-tZMsIu4VatXy2RT3M1sStmqn5U0JI6JratUi5kNV/SKpF14+2hssT9J+C51HVO8BPc34fuYVO9W9OzqhbZyQ4A==",
      "requires": {
        "@sanity/timed-out": "^4.0.2",
        "create-error-class": "^3.0.2",
        "debug": "^2.6.8",
        "decompress-response": "^6.0.0",
        "follow-redirects": "^1.2.4",
        "form-urlencoded": "^2.0.7",
        "into-stream": "^3.1.0",
        "is-plain-object": "^2.0.4",
        "is-retry-allowed": "^1.1.0",
        "is-stream": "^1.1.0",
        "nano-pubsub": "^1.0.2",
        "object-assign": "^4.1.1",
        "parse-headers": "^2.0.4",
        "progress-stream": "^2.0.0",
        "same-origin": "^0.1.1",
        "simple-concat": "^1.0.1",
        "tunnel-agent": "^0.6.0",
        "url-parse": "^1.1.9"
      }
    },
    "http-errors": {
      "version": "1.8.1",
      "resolved": "https://registry.npmjs.org/http-errors/-/http-errors-1.8.1.tgz",
      "integrity": "sha512-Kpk9Sm7NmI+RHhnj6OIWDI1d6fIoFAtFt9RLaTMRlg/8w49juAStsrBgp0Dp4OdxdVbRIeKhtCUvoi/RuAhO4g==",
      "requires": {
        "depd": "~1.1.2",
        "inherits": "2.0.4",
        "setprototypeof": "1.2.0",
        "statuses": ">= 1.5.0 < 2",
        "toidentifier": "1.0.1"
      }
    },
    "iconv-lite": {
      "version": "0.4.24",
      "resolved": "https://registry.npmjs.org/iconv-lite/-/iconv-lite-0.4.24.tgz",
      "integrity": "sha512-v3MXnZAcvnywkTUEZomIActle7RXXeedOR31wwl7VlyoXO4Qi9arvSenNQWne1TcRwhCL1HwLI21bEqdpj8/rA==",
      "requires": {
        "safer-buffer": ">= 2.1.2 < 3"
      }
    },
    "inherits": {
      "version": "2.0.4",
      "resolved": "https://registry.npmjs.org/inherits/-/inherits-2.0.4.tgz",
      "integrity": "sha512-k/vGaX4/Yla3WzyMCvTQOXYeIHvqOKtnqBduzTHpzpQZzAskKMhZ2K+EnBiSM9zGSoIFeMpXKxa4dYeZIQqewQ=="
    },
    "into-stream": {
      "version": "3.1.0",
      "resolved": "https://registry.npmjs.org/into-stream/-/into-stream-3.1.0.tgz",
      "integrity": "sha1-lvsKk2wSur1v8XUqF9BWFqvQlMY=",
      "requires": {
        "from2": "^2.1.1",
        "p-is-promise": "^1.1.0"
      }
    },
    "is-plain-object": {
      "version": "2.0.4",
      "resolved": "https://registry.npmjs.org/is-plain-object/-/is-plain-object-2.0.4.tgz",
      "integrity": "sha512-h5PpgXkWitc38BBMYawTYMWJHFZJVnBquFE57xFpjB8pJFiF6gZ+bU+WyI/yqXiFR5mdLsgYNaPe8uao6Uv9Og==",
      "requires": {
        "isobject": "^3.0.1"
      }
    },
    "is-retry-allowed": {
      "version": "1.2.0",
      "resolved": "https://registry.npmjs.org/is-retry-allowed/-/is-retry-allowed-1.2.0.tgz",
      "integrity": "sha512-RUbUeKwvm3XG2VYamhJL1xFktgjvPzL0Hq8C+6yrWIswDy3BIXGqCxhxkc30N9jqK311gVU137K8Ei55/zVJRg=="
    },
    "is-stream": {
      "version": "1.1.0",
      "resolved": "https://registry.npmjs.org/is-stream/-/is-stream-1.1.0.tgz",
      "integrity": "sha1-EtSj3U5o4Lec6428hBc66A2RykQ="
    },
    "isarray": {
      "version": "1.0.0",
      "resolved": "https://registry.npmjs.org/isarray/-/isarray-1.0.0.tgz",
      "integrity": "sha1-u5NdSFgsuhaMBoNJV6VKPgcSTxE="
    },
    "isobject": {
      "version": "3.0.1",
      "resolved": "https://registry.npmjs.org/isobject/-/isobject-3.0.1.tgz",
      "integrity": "sha1-TkMekrEalzFjaqH5yNHMvP2reN8="
    },
    "make-error": {
      "version": "1.3.6",
      "resolved": "https://registry.npmjs.org/make-error/-/make-error-1.3.6.tgz",
      "integrity": "sha512-s8UhlNe7vPKomQhC1qFelMokr/Sc3AgNbso3n74mVPA5LTZwkB9NlXf4XPamLxJE8h0gh73rM94xvwRT2CVInw=="
    },
    "media-typer": {
      "version": "0.3.0",
      "resolved": "https://registry.npmjs.org/media-typer/-/media-typer-0.3.0.tgz",
      "integrity": "sha1-hxDXrwqmJvj/+hzgAWhUUmMlV0g="
    },
    "mime-db": {
      "version": "1.51.0",
      "resolved": "https://registry.npmjs.org/mime-db/-/mime-db-1.51.0.tgz",
      "integrity": "sha512-5y8A56jg7XVQx2mbv1lu49NR4dokRnhZYTtL+KGfaa27uq4pSTXkwQkFJl4pkRMyNFz/EtYDSkiiEHx3F7UN6g=="
    },
    "mime-types": {
      "version": "2.1.34",
      "resolved": "https://registry.npmjs.org/mime-types/-/mime-types-2.1.34.tgz",
      "integrity": "sha512-6cP692WwGIs9XXdOO4++N+7qjqv0rqxxVvJ3VHPh/Sc9mVZcQP+ZGhkKiTvWMQRr2tbHkJP/Yn7Y0npb3ZBs4A==",
      "requires": {
        "mime-db": "1.51.0"
      }
    },
    "mimic-response": {
      "version": "3.1.0",
      "resolved": "https://registry.npmjs.org/mimic-response/-/mimic-response-3.1.0.tgz",
      "integrity": "sha512-z0yWI+4FDrrweS8Zmt4Ej5HdJmky15+L2e6Wgn3+iK5fWzb6T3fhNFq2+MeTRb064c6Wr4N/wv0DzQTjNzHNGQ=="
    },
    "minimist": {
      "version": "1.2.5",
      "resolved": "https://registry.npmjs.org/minimist/-/minimist-1.2.5.tgz",
      "integrity": "sha512-FM9nNUYrRBAELZQT3xeZQ7fmMOBg6nWNmJKTcgsJeaLstP/UODVpGsr5OhXhhXg6f+qtJ8uiZ+PUxkDWcgIXLw=="
    },
    "mkdirp": {
      "version": "0.5.5",
      "resolved": "https://registry.npmjs.org/mkdirp/-/mkdirp-0.5.5.tgz",
      "integrity": "sha512-NKmAlESf6jMGym1++R0Ra7wvhV+wFW63FaSOFPwRahvea0gMUcGUhVeAg/0BC0wiv9ih5NYPB1Wn1UEI1/L+xQ==",
      "requires": {
        "minimist": "^1.2.5"
      }
    },
    "ms": {
      "version": "2.0.0",
      "resolved": "https://registry.npmjs.org/ms/-/ms-2.0.0.tgz",
      "integrity": "sha1-VgiurfwAvmwpAd9fmGF4jeDVl8g="
    },
    "multer": {
      "version": "1.4.4",
      "resolved": "https://registry.npmjs.org/multer/-/multer-1.4.4.tgz",
      "integrity": "sha512-2wY2+xD4udX612aMqMcB8Ws2Voq6NIUPEtD1be6m411T4uDH/VtL9i//xvcyFlTVfRdaBsk7hV5tgrGQqhuBiw==",
      "requires": {
        "append-field": "^1.0.0",
        "busboy": "^0.2.11",
        "concat-stream": "^1.5.2",
        "mkdirp": "^0.5.4",
        "object-assign": "^4.1.1",
        "on-finished": "^2.3.0",
        "type-is": "^1.6.4",
        "xtend": "^4.0.0"
      }
    },
    "nano-pubsub": {
      "version": "1.0.2",
      "resolved": "https://registry.npmjs.org/nano-pubsub/-/nano-pubsub-1.0.2.tgz",
      "integrity": "sha1-NM53b3r5WZFbj3rP6N1rnGbzvek="
    },
    "nanoid": {
      "version": "3.3.1",
      "resolved": "https://registry.npmjs.org/nanoid/-/nanoid-3.3.1.tgz",
      "integrity": "sha512-n6Vs/3KGyxPQd6uO0eH4Bv0ojGSUvuLlIHtC3Y0kEO23YRge8H9x1GCzLn28YX0H66pMkxuaeESFq4tKISKwdw=="
    },
    "object-assign": {
      "version": "4.1.1",
      "resolved": "https://registry.npmjs.org/object-assign/-/object-assign-4.1.1.tgz",
      "integrity": "sha1-IQmtx5ZYh8/AXLvUQsrIv7s2CGM="
    },
    "on-finished": {
      "version": "2.3.0",
      "resolved": "https://registry.npmjs.org/on-finished/-/on-finished-2.3.0.tgz",
      "integrity": "sha1-IPEzZIGwg811M3mSoWlxqi2QaUc=",
      "requires": {
        "ee-first": "1.1.1"
      }
    },
    "original": {
      "version": "1.0.2",
      "resolved": "https://registry.npmjs.org/original/-/original-1.0.2.tgz",
      "integrity": "sha512-hyBVl6iqqUOJ8FqRe+l/gS8H+kKYjrEndd5Pm1MfBtsEKA038HkkdbAl/72EAXGyonD/PFsvmVG+EvcIpliMBg==",
      "requires": {
        "url-parse": "^1.4.3"
      }
    },
    "p-is-promise": {
      "version": "1.1.0",
      "resolved": "https://registry.npmjs.org/p-is-promise/-/p-is-promise-1.1.0.tgz",
      "integrity": "sha1-nJRWmJ6fZYgBewQ01WCXZ1w9oF4="
    },
    "parse-headers": {
      "version": "2.0.4",
      "resolved": "https://registry.npmjs.org/parse-headers/-/parse-headers-2.0.4.tgz",
      "integrity": "sha512-psZ9iZoCNFLrgRjZ1d8mn0h9WRqJwFxM9q3x7iUjN/YT2OksthDJ5TiPCu2F38kS4zutqfW+YdVVkBZZx3/1aw=="
    },
    "process-nextick-args": {
      "version": "2.0.1",
      "resolved": "https://registry.npmjs.org/process-nextick-args/-/process-nextick-args-2.0.1.tgz",
      "integrity": "sha512-3ouUOpQhtgrbOa17J7+uxOTpITYWaGP7/AhoR3+A+/1e9skrzelGi/dXzEYyvbxubEF6Wn2ypscTKiKJFFn1ag=="
    },
    "progress-stream": {
      "version": "2.0.0",
      "resolved": "https://registry.npmjs.org/progress-stream/-/progress-stream-2.0.0.tgz",
      "integrity": "sha1-+sY6Cz0R3qy7CWmrzJOyFLzhntU=",
      "requires": {
        "speedometer": "~1.0.0",
        "through2": "~2.0.3"
      }
    },
    "qs": {
      "version": "6.9.7",
      "resolved": "https://registry.npmjs.org/qs/-/qs-6.9.7.tgz",
      "integrity": "sha512-IhMFgUmuNpyRfxA90umL7ByLlgRXu6tIfKPpF5TmcfRLlLCckfP/g3IQmju6jjpu+Hh8rA+2p6A27ZSPOOHdKw=="
    },
    "querystringify": {
      "version": "2.2.0",
      "resolved": "https://registry.npmjs.org/querystringify/-/querystringify-2.2.0.tgz",
      "integrity": "sha512-FIqgj2EUvTa7R50u0rGsyTftzjYmv/a3hO345bZNrqabNqjtgiDMgmo4mkUjd+nzU5oF3dClKqFIPUKybUyqoQ=="
    },
    "raw-body": {
      "version": "2.4.3",
      "resolved": "https://registry.npmjs.org/raw-body/-/raw-body-2.4.3.tgz",
      "integrity": "sha512-UlTNLIcu0uzb4D2f4WltY6cVjLi+/jEN4lgEUj3E04tpMDpUlkBo/eSn6zou9hum2VMNpCCUone0O0WeJim07g==",
      "requires": {
        "bytes": "3.1.2",
        "http-errors": "1.8.1",
        "iconv-lite": "0.4.24",
        "unpipe": "1.0.0"
      }
    },
    "readable-stream": {
      "version": "2.3.7",
      "resolved": "https://registry.npmjs.org/readable-stream/-/readable-stream-2.3.7.tgz",
      "integrity": "sha512-Ebho8K4jIbHAxnuxi7o42OrZgF/ZTNcsZj6nRKyUmkhLFq8CHItp/fy6hQZuZmP/n3yZ9VBUbp4zz/mX8hmYPw==",
      "requires": {
        "core-util-is": "~1.0.0",
        "inherits": "~2.0.3",
        "isarray": "~1.0.0",
        "process-nextick-args": "~2.0.0",
        "safe-buffer": "~5.1.1",
        "string_decoder": "~1.1.1",
        "util-deprecate": "~1.0.1"
      }
    },
    "requires-port": {
      "version": "1.0.0",
      "resolved": "https://registry.npmjs.org/requires-port/-/requires-port-1.0.0.tgz",
      "integrity": "sha1-kl0mAdOaxIXgkc8NpcbmlNw9yv8="
    },
    "rxjs": {
      "version": "6.6.7",
      "resolved": "https://registry.npmjs.org/rxjs/-/rxjs-6.6.7.tgz",
      "integrity": "sha512-hTdwr+7yYNIT5n4AMYp85KA6yw2Va0FLa3Rguvbpa4W3I5xynaBZo41cM3XM+4Q6fRMj3sBYIR1VAmZMXYJvRQ==",
      "requires": {
        "tslib": "^1.9.0"
      }
    },
    "safe-buffer": {
      "version": "5.1.2",
      "resolved": "https://registry.npmjs.org/safe-buffer/-/safe-buffer-5.1.2.tgz",
      "integrity": "sha512-Gd2UZBJDkXlY7GbJxfsE8/nvKkUEU1G38c1siN6QP6a9PT9MmHB8GnpscSmMJSoF8LOIrt8ud/wPtojys4G6+g=="
    },
    "safer-buffer": {
      "version": "2.1.2",
      "resolved": "https://registry.npmjs.org/safer-buffer/-/safer-buffer-2.1.2.tgz",
      "integrity": "sha512-YZo3K82SD7Riyi0E1EQPojLz7kpepnSQI9IyPbHHg1XXXevb5dJI7tpyN2ADxGcQbHG7vcyRHk0cbwqcQriUtg=="
    },
    "same-origin": {
      "version": "0.1.1",
      "resolved": "https://registry.npmjs.org/same-origin/-/same-origin-0.1.1.tgz",
      "integrity": "sha1-wih9MZJXffUXrLvW0UUanDw5FPU="
    },
    "setprototypeof": {
      "version": "1.2.0",
      "resolved": "https://registry.npmjs.org/setprototypeof/-/setprototypeof-1.2.0.tgz",
      "integrity": "sha512-E5LDX7Wrp85Kil5bhZv46j8jOeboKq5JMmYM3gVGdGH8xFpPWXUMsNrlODCrkoxMEeNi/XZIwuRvY4XNwYMJpw=="
    },
    "simple-concat": {
      "version": "1.0.1",
      "resolved": "https://registry.npmjs.org/simple-concat/-/simple-concat-1.0.1.tgz",
      "integrity": "sha512-cSFtAPtRhljv69IK0hTVZQ+OfE9nePi/rtJmw5UjHeVyVroEqJXP1sFztKUy1qU+xvz3u/sfYJLa947b7nAN2Q=="
    },
    "speedometer": {
      "version": "1.0.0",
      "resolved": "https://registry.npmjs.org/speedometer/-/speedometer-1.0.0.tgz",
      "integrity": "sha1-zWccsGdSwivKM3Di8zREC+T8YuI="
    },
    "statuses": {
      "version": "1.5.0",
      "resolved": "https://registry.npmjs.org/statuses/-/statuses-1.5.0.tgz",
      "integrity": "sha1-Fhx9rBd2Wf2YEfQ3cfqZOBR4Yow="
    },
    "streamsearch": {
      "version": "0.1.2",
      "resolved": "https://registry.npmjs.org/streamsearch/-/streamsearch-0.1.2.tgz",
      "integrity": "sha1-gIudDlb8Jz2Am6VzOOkpkZoanxo="
    },
    "string_decoder": {
      "version": "1.1.1",
      "resolved": "https://registry.npmjs.org/string_decoder/-/string_decoder-1.1.1.tgz",
      "integrity": "sha512-n/ShnvDi6FHbbVfviro+WojiFzv+s8MPMHBczVePfUpDJLwoLT0ht1l4YwBCbi8pJAveEEdnkHyPyTP/mzRfwg==",
      "requires": {
        "safe-buffer": "~5.1.0"
      }
    },
    "through2": {
      "version": "2.0.5",
      "resolved": "https://registry.npmjs.org/through2/-/through2-2.0.5.tgz",
      "integrity": "sha512-/mrRod8xqpA+IHSLyGCQ2s8SPHiCDEeQJSep1jqLYeEUClOFG2Qsh+4FU6G9VeqpZnGW/Su8LQGc4YKni5rYSQ==",
      "requires": {
        "readable-stream": "~2.3.6",
        "xtend": "~4.0.1"
      }
    },
    "toidentifier": {
      "version": "1.0.1",
      "resolved": "https://registry.npmjs.org/toidentifier/-/toidentifier-1.0.1.tgz",
      "integrity": "sha512-o5sSPKEkg/DIQNmH43V0/uerLrpzVedkUh8tGNvaeXpfpuwjKenlSox/2O/BTlZUtEe+JG7s5YhEz608PlAHRA=="
    },
    "tslib": {
      "version": "1.14.1",
      "resolved": "https://registry.npmjs.org/tslib/-/tslib-1.14.1.tgz",
      "integrity": "sha512-Xni35NKzjgMrwevysHTCArtLDpPvye8zV/0E4EyYn43P7/7qvQwPh9BGkHewbMulVntbigmcT7rdX3BNo9wRJg=="
    },
    "tunnel-agent": {
      "version": "0.6.0",
      "resolved": "https://registry.npmjs.org/tunnel-agent/-/tunnel-agent-0.6.0.tgz",
      "integrity": "sha1-J6XeoGs2sEoKmWZ3SykIaPD8QP0=",
      "requires": {
        "safe-buffer": "^5.0.1"
      }
    },
    "type-is": {
      "version": "1.6.18",
      "resolved": "https://registry.npmjs.org/type-is/-/type-is-1.6.18.tgz",
      "integrity": "sha512-TkRKr9sUTxEH8MdfuCSP7VizJyzRNMjj2J2do2Jr3Kym598JVdEksuzPQCnlFPW4ky9Q+iA+ma9BGm06XQBy8g==",
      "requires": {
        "media-typer": "0.3.0",
        "mime-types": "~2.1.24"
      }
    },
    "typedarray": {
      "version": "0.0.6",
      "resolved": "https://registry.npmjs.org/typedarray/-/typedarray-0.0.6.tgz",
      "integrity": "sha1-hnrHTjhkGHsdPUfZlqeOxciDB3c="
    },
    "unpipe": {
      "version": "1.0.0",
      "resolved": "https://registry.npmjs.org/unpipe/-/unpipe-1.0.0.tgz",
      "integrity": "sha1-sr9O6FFKrmFltIF4KdIbLvSZBOw="
    },
    "url-parse": {
      "version": "1.5.10",
      "resolved": "https://registry.npmjs.org/url-parse/-/url-parse-1.5.10.tgz",
      "integrity": "sha512-WypcfiRhfeUP9vvF0j6rw0J3hrWrw6iZv3+22h6iRMJ/8z1Tj6XfLP4DsUix5MhMPnXpiHDoKyoZ/bdCkwBCiQ==",
      "requires": {
        "querystringify": "^2.1.1",
        "requires-port": "^1.0.0"
      }
    },
    "util-deprecate": {
      "version": "1.0.2",
      "resolved": "https://registry.npmjs.org/util-deprecate/-/util-deprecate-1.0.2.tgz",
      "integrity": "sha1-RQ1Nyfpw3nMnYvvS1KKJgUGaDM8="
    },
    "xtend": {
      "version": "4.0.2",
      "resolved": "https://registry.npmjs.org/xtend/-/xtend-4.0.2.tgz",
      "integrity": "sha512-LKYU1iAXJXUgAXn9URjiu+MWhyUXHsvfp7mcuYm9dSUKK0/CjtrUwFAxD82/mCWbtLsGjFIad0wIsod4zrTAEQ=="
    }
  }
}
